
Microsoft Visual Studio Solution File, Format Version 12.00
# Visual Studio Version 17
VisualStudioVersion = 17.8.34322.80
MinimumVisualStudioVersion = 10.0.40219.1
Project("{FAE04EC0-301F-11D3-BF4B-00C04F79EFBC}") = "server", "server\server.csproj", "{C110120C-2CE3-4E17-A1D1-0FF90A4D926F}"
EndProject
Global
	GlobalSection(SolutionConfigurationPlatforms) = preSolution
		Debug|Any CPU = Debug|Any CPU
		Release|Any CPU = Release|Any CPU
	EndGlobalSection
	GlobalSection(ProjectConfigurationPlatforms) = postSolution
		{C110120C-2CE3-4E17-A1D1-0FF90A4D926F}.Debug|Any CPU.ActiveCfg = Debug|Any CPU
		{C110120C-2CE3-4E17-A1D1-0FF90A4D926F}.Debug|Any CPU.Build.0 = Debug|Any CPU
		{C110120C-2CE3-4E17-A1D1-0FF90A4D926F}.Release|Any CPU.ActiveCfg = Release|Any CPU
		{C110120C-2CE3-4E17-A1D1-0FF90A4D926F}.Release|Any CPU.Build.0 = Release|Any CPU
	EndGlobalSection
	GlobalSection(SolutionProperties) = preSolution
		HideSolutionNode = FALSE
	EndGlobalSection
	GlobalSection(ExtensibilityGlobals) = postSolution
		SolutionGuid = {3A26259E-7532-4763-8A08-017E9278651A}
	EndGlobalSection
EndGlobal
